
Microsoft Visual Studio Solution File, Format Version 12.00
# Visual Studio Version 17
VisualStudioVersion = 17.10.35027.167
MinimumVisualStudioVersion = 10.0.40219.1
Project("{9A19103F-16F7-4668-BE54-9A1E7A4F7556}") = "NeoStore", "NeoStore.csproj", "{C201EC37-95C6-4130-B696-170D3E1BD8C0}"
EndProject
Project("{9A19103F-16F7-4668-BE54-9A1E7A4F7556}") = "UnitTests", "..\UnitTests\UnitTests.csproj", "{560E69A4-24D2-4C04-90C4-899BE6D07ADF}"
EndProject
Global
	GlobalSection(SolutionConfigurationPlatforms) = preSolution
		Debug|Any CPU = Debug|Any CPU
		Release|Any CPU = Release|Any CPU
	EndGlobalSection
	GlobalSection(ProjectConfigurationPlatforms) = postSolution
		{C201EC37-95C6-4130-B696-170D3E1BD8C0}.Debug|Any CPU.ActiveCfg = Debug|Any CPU
		{C201EC37-95C6-4130-B696-170D3E1BD8C0}.Debug|Any CPU.Build.0 = Debug|Any CPU
		{C201EC37-95C6-4130-B696-170D3E1BD8C0}.Release|Any CPU.ActiveCfg = Release|Any CPU
		{C201EC37-95C6-4130-B696-170D3E1BD8C0}.Release|Any CPU.Build.0 = Release|Any CPU
		{560E69A4-24D2-4C04-90C4-899BE6D07ADF}.Debug|Any CPU.ActiveCfg = Debug|Any CPU
		{560E69A4-24D2-4C04-90C4-899BE6D07ADF}.Debug|Any CPU.Build.0 = Debug|Any CPU
		{560E69A4-24D2-4C04-90C4-899BE6D07ADF}.Release|Any CPU.ActiveCfg = Release|Any CPU
		{560E69A4-24D2-4C04-90C4-899BE6D07ADF}.Release|Any CPU.Build.0 = Release|Any CPU
	EndGlobalSection
	GlobalSection(SolutionProperties) = preSolution
		HideSolutionNode = FALSE
	EndGlobalSection
	GlobalSection(ExtensibilityGlobals) = postSolution
		SolutionGuid = {18FE6ED4-9DA0-4D77-9EFF-634415C18B4F}
	EndGlobalSection
EndGlobal
